
Microsoft Visual Studio Solution File, Format Version 12.00
Project("{FAE04EC0-301F-11D3-BF4B-00C04F79EFBC}") = "OLA2-SofQuality", "OLA2-SofQuality.csproj", "{E2E133AB-BB5D-4CDF-9CC3-F2AE716C502D}"
EndProject
Global
	GlobalSection(SolutionConfigurationPlatforms) = preSolution
		Debug|Any CPU = Debug|Any CPU
		Release|Any CPU = Release|Any CPU
	EndGlobalSection
	GlobalSection(ProjectConfigurationPlatforms) = postSolution
		{E2E133AB-BB5D-4CDF-9CC3-F2AE716C502D}.Debug|Any CPU.ActiveCfg = Debug|Any CPU
		{E2E133AB-BB5D-4CDF-9CC3-F2AE716C502D}.Debug|Any CPU.Build.0 = Debug|Any CPU
		{E2E133AB-BB5D-4CDF-9CC3-F2AE716C502D}.Release|Any CPU.ActiveCfg = Release|Any CPU
		{E2E133AB-BB5D-4CDF-9CC3-F2AE716C502D}.Release|Any CPU.Build.0 = Release|Any CPU
	EndGlobalSection
EndGlobal
